
Microsoft Visual Studio Solution File, Format Version 12.00
# Visual Studio Version 17
VisualStudioVersion = 17.12.35521.163 d17.12
MinimumVisualStudioVersion = 10.0.40219.1
Project("{FAE04EC0-301F-11D3-BF4B-00C04F79EFBC}") = "ClassLibrarytask", "ClassLibrarytask\ClassLibrarytask.csproj", "{894EC636-32D9-4E6D-8284-8DD46E407755}"
EndProject
Project("{FAE04EC0-301F-11D3-BF4B-00C04F79EFBC}") = "List", "List\List.csproj", "{F1663D4A-A705-45E6-82DA-E9085CD16FF4}"
EndProject
Global
	GlobalSection(SolutionConfigurationPlatforms) = preSolution
		Debug|Any CPU = Debug|Any CPU
		Release|Any CPU = Release|Any CPU
	EndGlobalSection
	GlobalSection(ProjectConfigurationPlatforms) = postSolution
		{894EC636-32D9-4E6D-8284-8DD46E407755}.Debug|Any CPU.ActiveCfg = Debug|Any CPU
		{894EC636-32D9-4E6D-8284-8DD46E407755}.Debug|Any CPU.Build.0 = Debug|Any CPU
		{894EC636-32D9-4E6D-8284-8DD46E407755}.Release|Any CPU.ActiveCfg = Release|Any CPU
		{894EC636-32D9-4E6D-8284-8DD46E407755}.Release|Any CPU.Build.0 = Release|Any CPU
		{F1663D4A-A705-45E6-82DA-E9085CD16FF4}.Debug|Any CPU.ActiveCfg = Debug|Any CPU
		{F1663D4A-A705-45E6-82DA-E9085CD16FF4}.Debug|Any CPU.Build.0 = Debug|Any CPU
		{F1663D4A-A705-45E6-82DA-E9085CD16FF4}.Release|Any CPU.ActiveCfg = Release|Any CPU
		{F1663D4A-A705-45E6-82DA-E9085CD16FF4}.Release|Any CPU.Build.0 = Release|Any CPU
	EndGlobalSection
	GlobalSection(SolutionProperties) = preSolution
		HideSolutionNode = FALSE
	EndGlobalSection
EndGlobal
